
Microsoft Visual Studio Solution File, Format Version 12.00
# Visual Studio Version 17
VisualStudioVersion = 17.13.35931.197 d17.13
MinimumVisualStudioVersion = 10.0.40219.1
Project("{FAE04EC0-301F-11D3-BF4B-00C04F79EFBC}") = "Disc_API", "Disc_API\Disc_API.csproj", "{079EC904-4781-47B6-A075-B71C3CF5AD4D}"
EndProject
Global
	GlobalSection(SolutionConfigurationPlatforms) = preSolution
		Debug|Any CPU = Debug|Any CPU
		Release|Any CPU = Release|Any CPU
	EndGlobalSection
	GlobalSection(ProjectConfigurationPlatforms) = postSolution
		{079EC904-4781-47B6-A075-B71C3CF5AD4D}.Debug|Any CPU.ActiveCfg = Debug|Any CPU
		{079EC904-4781-47B6-A075-B71C3CF5AD4D}.Debug|Any CPU.Build.0 = Debug|Any CPU
		{079EC904-4781-47B6-A075-B71C3CF5AD4D}.Release|Any CPU.ActiveCfg = Release|Any CPU
		{079EC904-4781-47B6-A075-B71C3CF5AD4D}.Release|Any CPU.Build.0 = Release|Any CPU
	EndGlobalSection
	GlobalSection(SolutionProperties) = preSolution
		HideSolutionNode = FALSE
	EndGlobalSection
	GlobalSection(ExtensibilityGlobals) = postSolution
		SolutionGuid = {3964DA39-8521-43E2-9097-0DE4E0072262}
	EndGlobalSection
EndGlobal
